// !$*UTF8*$!
{
	archiveVersion = 1;
	classes = {
	};
	objectVersion = 55;
	objects = {

/* Begin PBXBuildFile section */
		0402C65F2A13A31100238C51 /* MenuChevron.swift in Sources */ = {isa = PBXBuildFile; fileRef = 0402C65E2A13A31100238C51 /* MenuChevron.swift */; };
		0402C6612A13A39E00238C51 /* Storage.swift in Sources */ = {isa = PBXBuildFile; fileRef = 0402C6602A13A39E00238C51 /* Storage.swift */; };
		0402C6632A13A3AC00238C51 /* Store.swift in Sources */ = {isa = PBXBuildFile; fileRef = 0402C6622A13A3AC00238C51 /* Store.swift */; };
		0402C6652A13A3D700238C51 /* Emails.swift in Sources */ = {isa = PBXBuildFile; fileRef = 0402C6642A13A3D700238C51 /* Emails.swift */; };
		0402C6672A13A3EC00238C51 /* ShareView.swift in Sources */ = {isa = PBXBuildFile; fileRef = 0402C6662A13A3EC00238C51 /* ShareView.swift */; };
		0402C6692A13A40700238C51 /* EmailView.swift in Sources */ = {isa = PBXBuildFile; fileRef = 0402C6682A13A40700238C51 /* EmailView.swift */; };
		0402C66B2A13A48700238C51 /* Constants.swift in Sources */ = {isa = PBXBuildFile; fileRef = 0402C66A2A13A48700238C51 /* Constants.swift */; };
		0413DAC52999048500A1624F /* TextApp.swift in Sources */ = {isa = PBXBuildFile; fileRef = 0413DAC42999048500A1624F /* TextApp.swift */; };
		0413DAC92999048600A1624F /* Assets.xcassets in Resources */ = {isa = PBXBuildFile; fileRef = 0413DAC82999048600A1624F /* Assets.xcassets */; };
		0413DAD2299931B300A1624F /* Int.swift in Sources */ = {isa = PBXBuildFile; fileRef = 0413DAD1299931B300A1624F /* Int.swift */; };
		0413DAD4299931BE00A1624F /* Collection.swift in Sources */ = {isa = PBXBuildFile; fileRef = 0413DAD3299931BE00A1624F /* Collection.swift */; };
		0413DADA2999320A00A1624F /* RootView.swift in Sources */ = {isa = PBXBuildFile; fileRef = 0413DAD92999320A00A1624F /* RootView.swift */; };
		0413DADF2999324B00A1624F /* TextView.swift in Sources */ = {isa = PBXBuildFile; fileRef = 0413DADE2999324B00A1624F /* TextView.swift */; };
		04265B7A29D0F75100D7B588 /* Haptics.swift in Sources */ = {isa = PBXBuildFile; fileRef = 04265B7929D0F75100D7B588 /* Haptics.swift */; };
		04FEC9842A8C19FE0074EA5E /* TextMacApp.swift in Sources */ = {isa = PBXBuildFile; fileRef = 04FEC9832A8C19FE0074EA5E /* TextMacApp.swift */; };
		04FEC9882A8C19FF0074EA5E /* Assets.xcassets in Resources */ = {isa = PBXBuildFile; fileRef = 04FEC9872A8C19FF0074EA5E /* Assets.xcassets */; };
		04FEC9912A8C1CE80074EA5E /* String.swift in Sources */ = {isa = PBXBuildFile; fileRef = 04FEC9902A8C1CE80074EA5E /* String.swift */; };
/* End PBXBuildFile section */

/* Begin PBXFileReference section */
		0402C65E2A13A31100238C51 /* MenuChevron.swift */ = {isa = PBXFileReference; lastKnownFileType = sourcecode.swift; path = MenuChevron.swift; sourceTree = "<group>"; };
		0402C6602A13A39E00238C51 /* Storage.swift */ = {isa = PBXFileReference; lastKnownFileType = sourcecode.swift; path = Storage.swift; sourceTree = "<group>"; };
		0402C6622A13A3AC00238C51 /* Store.swift */ = {isa = PBXFileReference; lastKnownFileType = sourcecode.swift; path = Store.swift; sourceTree = "<group>"; };
		0402C6642A13A3D700238C51 /* Emails.swift */ = {isa = PBXFileReference; lastKnownFileType = sourcecode.swift; path = Emails.swift; sourceTree = "<group>"; };
		0402C6662A13A3EC00238C51 /* ShareView.swift */ = {isa = PBXFileReference; lastKnownFileType = sourcecode.swift; path = ShareView.swift; sourceTree = "<group>"; };
		0402C6682A13A40700238C51 /* EmailView.swift */ = {isa = PBXFileReference; lastKnownFileType = sourcecode.swift; path = EmailView.swift; sourceTree = "<group>"; };
		0402C66A2A13A48700238C51 /* Constants.swift */ = {isa = PBXFileReference; lastKnownFileType = sourcecode.swift; path = Constants.swift; sourceTree = "<group>"; };
		0413DAC22999048500A1624F /* Text.app */ = {isa = PBXFileReference; explicitFileType = wrapper.application; includeInIndex = 0; path = Text.app; sourceTree = BUILT_PRODUCTS_DIR; };
		0413DAC42999048500A1624F /* TextApp.swift */ = {isa = PBXFileReference; lastKnownFileType = sourcecode.swift; path = TextApp.swift; sourceTree = "<group>"; };
		0413DAC82999048600A1624F /* Assets.xcassets */ = {isa = PBXFileReference; lastKnownFileType = folder.assetcatalog; path = Assets.xcassets; sourceTree = "<group>"; };
		0413DAD1299931B300A1624F /* Int.swift */ = {isa = PBXFileReference; lastKnownFileType = sourcecode.swift; path = Int.swift; sourceTree = "<group>"; };
		0413DAD3299931BE00A1624F /* Collection.swift */ = {isa = PBXFileReference; lastKnownFileType = sourcecode.swift; path = Collection.swift; sourceTree = "<group>"; };
		0413DAD92999320A00A1624F /* RootView.swift */ = {isa = PBXFileReference; lastKnownFileType = sourcecode.swift; path = RootView.swift; sourceTree = "<group>"; };
		0413DADE2999324B00A1624F /* TextView.swift */ = {isa = PBXFileReference; lastKnownFileType = sourcecode.swift; path = TextView.swift; sourceTree = "<group>"; };
		04265B7929D0F75100D7B588 /* Haptics.swift */ = {isa = PBXFileReference; lastKnownFileType = sourcecode.swift; path = Haptics.swift; sourceTree = "<group>"; };
		04FEC9812A8C19FE0074EA5E /* Notepad.app */ = {isa = PBXFileReference; explicitFileType = wrapper.application; includeInIndex = 0; path = Notepad.app; sourceTree = BUILT_PRODUCTS_DIR; };
		04FEC9832A8C19FE0074EA5E /* TextMacApp.swift */ = {isa = PBXFileReference; lastKnownFileType = sourcecode.swift; path = TextMacApp.swift; sourceTree = "<group>"; };
		04FEC9872A8C19FF0074EA5E /* Assets.xcassets */ = {isa = PBXFileReference; lastKnownFileType = folder.assetcatalog; path = Assets.xcassets; sourceTree = "<group>"; };
		04FEC9902A8C1CE80074EA5E /* String.swift */ = {isa = PBXFileReference; lastKnownFileType = sourcecode.swift; path = String.swift; sourceTree = "<group>"; };
/* End PBXFileReference section */

/* Begin PBXFrameworksBuildPhase section */
		0413DABF2999048500A1624F /* Frameworks */ = {
			isa = PBXFrameworksBuildPhase;
			buildActionMask = 2147483647;
			files = (
			);
			runOnlyForDeploymentPostprocessing = 0;
		};
		04FEC97E2A8C19FE0074EA5E /* Frameworks */ = {
			isa = PBXFrameworksBuildPhase;
			buildActionMask = 2147483647;
			files = (
			);
			runOnlyForDeploymentPostprocessing = 0;
		};
/* End PBXFrameworksBuildPhase section */

/* Begin PBXGroup section */
		0413DAC32999048500A1624F /* Text */ = {
			isa = PBXGroup;
			children = (
				04265B7229D0D83300D7B588 /* Views */,
				04265B7129D0D82A00D7B588 /* Helpers */,
				04265B7029D0D81F00D7B588 /* Resources */,
				0413DADB2999321D00A1624F /* Extensions */,
			);
			path = Text;
			sourceTree = "<group>";
		};
		0413DADB2999321D00A1624F /* Extensions */ = {
			isa = PBXGroup;
			children = (
				0413DAD3299931BE00A1624F /* Collection.swift */,
				0413DAD1299931B300A1624F /* Int.swift */,
				04FEC9902A8C1CE80074EA5E /* String.swift */,
			);
			path = Extensions;
			sourceTree = "<group>";
		};
		04265B7029D0D81F00D7B588 /* Resources */ = {
			isa = PBXGroup;
			children = (
				0413DAC82999048600A1624F /* Assets.xcassets */,
			);
			path = Resources;
			sourceTree = "<group>";
		};
		04265B7129D0D82A00D7B588 /* Helpers */ = {
			isa = PBXGroup;
			children = (
				0402C66A2A13A48700238C51 /* Constants.swift */,
				0402C6642A13A3D700238C51 /* Emails.swift */,
				04265B7929D0F75100D7B588 /* Haptics.swift */,
				0402C6602A13A39E00238C51 /* Storage.swift */,
				0402C6622A13A3AC00238C51 /* Store.swift */,
			);
			path = Helpers;
			sourceTree = "<group>";
		};
		04265B7229D0D83300D7B588 /* Views */ = {
			isa = PBXGroup;
			children = (
				0413DAC42999048500A1624F /* TextApp.swift */,
				0413DAD92999320A00A1624F /* RootView.swift */,
				0413DADE2999324B00A1624F /* TextView.swift */,
				04265B7629D0E0E500D7B588 /* Extra */,
			);
			path = Views;
			sourceTree = "<group>";
		};
		04265B7629D0E0E500D7B588 /* Extra */ = {
			isa = PBXGroup;
			children = (
				0402C6682A13A40700238C51 /* EmailView.swift */,
				0402C65E2A13A31100238C51 /* MenuChevron.swift */,
				0402C6662A13A3EC00238C51 /* ShareView.swift */,
			);
			path = Extra;
			sourceTree = "<group>";
		};
		047E5F8128BBFB440017267E = {
			isa = PBXGroup;
			children = (
				0413DAC32999048500A1624F /* Text */,
				04FEC9822A8C19FE0074EA5E /* TextMac */,
				047E5F8B28BBFB440017267E /* Products */,
			);
			sourceTree = "<group>";
		};
		047E5F8B28BBFB440017267E /* Products */ = {
			isa = PBXGroup;
			children = (
				0413DAC22999048500A1624F /* Text.app */,
				04FEC9812A8C19FE0074EA5E /* Notepad.app */,
			);
			name = Products;
			sourceTree = "<group>";
		};
		04FEC9822A8C19FE0074EA5E /* TextMac */ = {
			isa = PBXGroup;
			children = (
				04FEC9832A8C19FE0074EA5E /* TextMacApp.swift */,
				04FEC9872A8C19FF0074EA5E /* Assets.xcassets */,
			);
			path = TextMac;
			sourceTree = "<group>";
		};
/* End PBXGroup section */

/* Begin PBXNativeTarget section */
		0413DAC12999048500A1624F /* Text */ = {
			isa = PBXNativeTarget;
			buildConfigurationList = 0413DACE2999048600A1624F /* Build configuration list for PBXNativeTarget "Text" */;
			buildPhases = (
				0413DABE2999048500A1624F /* Sources */,
				0413DABF2999048500A1624F /* Frameworks */,
				0413DAC02999048500A1624F /* Resources */,
			);
			buildRules = (
			);
			dependencies = (
			);
			name = Text;
			productName = Text;
			productReference = 0413DAC22999048500A1624F /* Text.app */;
			productType = "com.apple.product-type.application";
		};
		04FEC9802A8C19FE0074EA5E /* TextMac */ = {
			isa = PBXNativeTarget;
			buildConfigurationList = 04FEC98F2A8C19FF0074EA5E /* Build configuration list for PBXNativeTarget "TextMac" */;
			buildPhases = (
				04FEC97D2A8C19FE0074EA5E /* Sources */,
				04FEC97E2A8C19FE0074EA5E /* Frameworks */,
				04FEC97F2A8C19FE0074EA5E /* Resources */,
			);
			buildRules = (
			);
			dependencies = (
			);
			name = TextMac;
			productName = TextMac;
			productReference = 04FEC9812A8C19FE0074EA5E /* Notepad.app */;
			productType = "com.apple.product-type.application";
		};
/* End PBXNativeTarget section */

/* Begin PBXProject section */
		047E5F8228BBFB440017267E /* Project object */ = {
			isa = PBXProject;
			attributes = {
				BuildIndependentTargetsInParallel = 1;
				LastSwiftUpdateCheck = 1430;
				LastUpgradeCheck = 1430;
				TargetAttributes = {
					0413DAC12999048500A1624F = {
						CreatedOnToolsVersion = 14.1;
					};
					04FEC9802A8C19FE0074EA5E = {
						CreatedOnToolsVersion = 14.3.1;
					};
				};
			};
			buildConfigurationList = 047E5F8528BBFB440017267E /* Build configuration list for PBXProject "Text" */;
			compatibilityVersion = "Xcode 13.0";
			developmentRegion = en;
			hasScannedForEncodings = 0;
			knownRegions = (
				en,
				Base,
			);
			mainGroup = 047E5F8128BBFB440017267E;
			productRefGroup = 047E5F8B28BBFB440017267E /* Products */;
			projectDirPath = "";
			projectRoot = "";
			targets = (
				0413DAC12999048500A1624F /* Text */,
				04FEC9802A8C19FE0074EA5E /* TextMac */,
			);
		};
/* End PBXProject section */

/* Begin PBXResourcesBuildPhase section */
		0413DAC02999048500A1624F /* Resources */ = {
			isa = PBXResourcesBuildPhase;
			buildActionMask = 2147483647;
			files = (
				0413DAC92999048600A1624F /* Assets.xcassets in Resources */,
			);
			runOnlyForDeploymentPostprocessing = 0;
		};
		04FEC97F2A8C19FE0074EA5E /* Resources */ = {
			isa = PBXResourcesBuildPhase;
			buildActionMask = 2147483647;
			files = (
				04FEC9882A8C19FF0074EA5E /* Assets.xcassets in Resources */,
			);
			runOnlyForDeploymentPostprocessing = 0;
		};
/* End PBXResourcesBuildPhase section */

/* Begin PBXSourcesBuildPhase section */
		0413DABE2999048500A1624F /* Sources */ = {
			isa = PBXSourcesBuildPhase;
			buildActionMask = 2147483647;
			files = (
				0402C6632A13A3AC00238C51 /* Store.swift in Sources */,
				0402C66B2A13A48700238C51 /* Constants.swift in Sources */,
				0402C65F2A13A31100238C51 /* MenuChevron.swift in Sources */,
				0402C6652A13A3D700238C51 /* Emails.swift in Sources */,
				0402C6612A13A39E00238C51 /* Storage.swift in Sources */,
				04265B7A29D0F75100D7B588 /* Haptics.swift in Sources */,
				0413DAD4299931BE00A1624F /* Collection.swift in Sources */,
				0402C6672A13A3EC00238C51 /* ShareView.swift in Sources */,
				0413DADF2999324B00A1624F /* TextView.swift in Sources */,
				04FEC9912A8C1CE80074EA5E /* String.swift in Sources */,
				0402C6692A13A40700238C51 /* EmailView.swift in Sources */,
				0413DAC52999048500A1624F /* TextApp.swift in Sources */,
				0413DADA2999320A00A1624F /* RootView.swift in Sources */,
				0413DAD2299931B300A1624F /* Int.swift in Sources */,
			);
			runOnlyForDeploymentPostprocessing = 0;
		};
		04FEC97D2A8C19FE0074EA5E /* Sources */ = {
			isa = PBXSourcesBuildPhase;
			buildActionMask = 2147483647;
			files = (
				04FEC9842A8C19FE0074EA5E /* TextMacApp.swift in Sources */,
			);
			runOnlyForDeploymentPostprocessing = 0;
		};
/* End PBXSourcesBuildPhase section */

/* Begin XCBuildConfiguration section */
		0413DACF2999048600A1624F /* Debug */ = {
			isa = XCBuildConfiguration;
			buildSettings = {
				ASSETCATALOG_COMPILER_APPICON_NAME = AppIcon;
				ASSETCATALOG_COMPILER_GLOBAL_ACCENT_COLOR_NAME = AccentColor;
				CLANG_CXX_LANGUAGE_STANDARD = "gnu++20";
				CODE_SIGN_ENTITLEMENTS = "";
				CODE_SIGN_STYLE = Automatic;
				CURRENT_PROJECT_VERSION = 1;
				DEAD_CODE_STRIPPING = YES;
				DEVELOPMENT_ASSET_PATHS = "";
				DEVELOPMENT_TEAM = 4CQW4CFFYT;
				ENABLE_HARDENED_RUNTIME = YES;
				ENABLE_PREVIEWS = YES;
				GENERATE_INFOPLIST_FILE = YES;
				INFOPLIST_FILE = Text/Info.plist;
				INFOPLIST_KEY_CFBundleDisplayName = Notepad;
				"INFOPLIST_KEY_UIApplicationSceneManifest_Generation[sdk=iphoneos*]" = YES;
				"INFOPLIST_KEY_UIApplicationSceneManifest_Generation[sdk=iphonesimulator*]" = YES;
				"INFOPLIST_KEY_UIApplicationSupportsIndirectInputEvents[sdk=iphoneos*]" = YES;
				"INFOPLIST_KEY_UIApplicationSupportsIndirectInputEvents[sdk=iphonesimulator*]" = YES;
				"INFOPLIST_KEY_UILaunchScreen_Generation[sdk=iphoneos*]" = YES;
				"INFOPLIST_KEY_UILaunchScreen_Generation[sdk=iphonesimulator*]" = YES;
				"INFOPLIST_KEY_UIStatusBarStyle[sdk=iphoneos*]" = UIStatusBarStyleDefault;
				"INFOPLIST_KEY_UIStatusBarStyle[sdk=iphonesimulator*]" = UIStatusBarStyleDefault;
				INFOPLIST_KEY_UISupportedInterfaceOrientations = "UIInterfaceOrientationLandscapeLeft UIInterfaceOrientationLandscapeRight UIInterfaceOrientationPortrait UIInterfaceOrientationPortraitUpsideDown";
				IPHONEOS_DEPLOYMENT_TARGET = 15.0;
				LD_RUNPATH_SEARCH_PATHS = "@executable_path/Frameworks";
				"LD_RUNPATH_SEARCH_PATHS[sdk=macosx*]" = "@executable_path/../Frameworks";
				MACOSX_DEPLOYMENT_TARGET = 13.0;
				MARKETING_VERSION = 1.0;
				PRODUCT_BUNDLE_IDENTIFIER = com.jackfinnis.Text;
				PRODUCT_NAME = "$(TARGET_NAME)";
				SDKROOT = auto;
				SUPPORTED_PLATFORMS = "iphoneos iphonesimulator";
				SUPPORTS_MACCATALYST = NO;
				SUPPORTS_MAC_DESIGNED_FOR_IPHONE_IPAD = NO;
				SWIFT_EMIT_LOC_STRINGS = YES;
				SWIFT_VERSION = 5.0;
				TARGETED_DEVICE_FAMILY = "1,2";
			};
			name = Debug;
		};
		0413DAD02999048600A1624F /* Release */ = {
			isa = XCBuildConfiguration;
			buildSettings = {
				ASSETCATALOG_COMPILER_APPICON_NAME = AppIcon;
				ASSETCATALOG_COMPILER_GLOBAL_ACCENT_COLOR_NAME = AccentColor;
				CLANG_CXX_LANGUAGE_STANDARD = "gnu++20";
				CODE_SIGN_ENTITLEMENTS = "";
				CODE_SIGN_STYLE = Automatic;
				CURRENT_PROJECT_VERSION = 1;
				DEAD_CODE_STRIPPING = YES;
				DEVELOPMENT_ASSET_PATHS = "";
				DEVELOPMENT_TEAM = 4CQW4CFFYT;
				ENABLE_HARDENED_RUNTIME = YES;
				ENABLE_PREVIEWS = YES;
				GENERATE_INFOPLIST_FILE = YES;
				INFOPLIST_FILE = Text/Info.plist;
				INFOPLIST_KEY_CFBundleDisplayName = Notepad;
				"INFOPLIST_KEY_UIApplicationSceneManifest_Generation[sdk=iphoneos*]" = YES;
				"INFOPLIST_KEY_UIApplicationSceneManifest_Generation[sdk=iphonesimulator*]" = YES;
				"INFOPLIST_KEY_UIApplicationSupportsIndirectInputEvents[sdk=iphoneos*]" = YES;
				"INFOPLIST_KEY_UIApplicationSupportsIndirectInputEvents[sdk=iphonesimulator*]" = YES;
				"INFOPLIST_KEY_UILaunchScreen_Generation[sdk=iphoneos*]" = YES;
				"INFOPLIST_KEY_UILaunchScreen_Generation[sdk=iphonesimulator*]" = YES;
				"INFOPLIST_KEY_UIStatusBarStyle[sdk=iphoneos*]" = UIStatusBarStyleDefault;
				"INFOPLIST_KEY_UIStatusBarStyle[sdk=iphonesimulator*]" = UIStatusBarStyleDefault;
				INFOPLIST_KEY_UISupportedInterfaceOrientations = "UIInterfaceOrientationLandscapeLeft UIInterfaceOrientationLandscapeRight UIInterfaceOrientationPortrait UIInterfaceOrientationPortraitUpsideDown";
				IPHONEOS_DEPLOYMENT_TARGET = 15.0;
				LD_RUNPATH_SEARCH_PATHS = "@executable_path/Frameworks";
				"LD_RUNPATH_SEARCH_PATHS[sdk=macosx*]" = "@executable_path/../Frameworks";
				MACOSX_DEPLOYMENT_TARGET = 13.0;
				MARKETING_VERSION = 1.0;
				PRODUCT_BUNDLE_IDENTIFIER = com.jackfinnis.Text;
				PRODUCT_NAME = "$(TARGET_NAME)";
				SDKROOT = auto;
				SUPPORTED_PLATFORMS = "iphoneos iphonesimulator";
				SUPPORTS_MACCATALYST = NO;
				SUPPORTS_MAC_DESIGNED_FOR_IPHONE_IPAD = NO;
				SWIFT_EMIT_LOC_STRINGS = YES;
				SWIFT_VERSION = 5.0;
				TARGETED_DEVICE_FAMILY = "1,2";
			};
			name = Release;
		};
		047E5F9728BBFB450017267E /* Debug */ = {
			isa = XCBuildConfiguration;
			buildSettings = {
				ALWAYS_SEARCH_USER_PATHS = NO;
				CLANG_ANALYZER_NONNULL = YES;
				CLANG_ANALYZER_NUMBER_OBJECT_CONVERSION = YES_AGGRESSIVE;
				CLANG_CXX_LANGUAGE_STANDARD = "gnu++17";
				CLANG_ENABLE_MODULES = YES;
				CLANG_ENABLE_OBJC_ARC = YES;
				CLANG_ENABLE_OBJC_WEAK = YES;
				CLANG_WARN_BLOCK_CAPTURE_AUTORELEASING = YES;
				CLANG_WARN_BOOL_CONVERSION = YES;
				CLANG_WARN_COMMA = YES;
				CLANG_WARN_CONSTANT_CONVERSION = YES;
				CLANG_WARN_DEPRECATED_OBJC_IMPLEMENTATIONS = YES;
				CLANG_WARN_DIRECT_OBJC_ISA_USAGE = YES_ERROR;
				CLANG_WARN_DOCUMENTATION_COMMENTS = YES;
				CLANG_WARN_EMPTY_BODY = YES;
				CLANG_WARN_ENUM_CONVERSION = YES;
				CLANG_WARN_INFINITE_RECURSION = YES;
				CLANG_WARN_INT_CONVERSION = YES;
				CLANG_WARN_NON_LITERAL_NULL_CONVERSION = YES;
				CLANG_WARN_OBJC_IMPLICIT_RETAIN_SELF = YES;
				CLANG_WARN_OBJC_LITERAL_CONVERSION = YES;
				CLANG_WARN_OBJC_ROOT_CLASS = YES_ERROR;
				CLANG_WARN_QUOTED_INCLUDE_IN_FRAMEWORK_HEADER = YES;
				CLANG_WARN_RANGE_LOOP_ANALYSIS = YES;
				CLANG_WARN_STRICT_PROTOTYPES = YES;
				CLANG_WARN_SUSPICIOUS_MOVE = YES;
				CLANG_WARN_UNGUARDED_AVAILABILITY = YES_AGGRESSIVE;
				CLANG_WARN_UNREACHABLE_CODE = YES;
				CLANG_WARN__DUPLICATE_METHOD_MATCH = YES;
				COPY_PHASE_STRIP = NO;
				DEAD_CODE_STRIPPING = YES;
				DEBUG_INFORMATION_FORMAT = dwarf;
				ENABLE_STRICT_OBJC_MSGSEND = YES;
				ENABLE_TESTABILITY = YES;
				GCC_C_LANGUAGE_STANDARD = gnu11;
				GCC_DYNAMIC_NO_PIC = NO;
				GCC_NO_COMMON_BLOCKS = YES;
				GCC_OPTIMIZATION_LEVEL = 0;
				GCC_PREPROCESSOR_DEFINITIONS = (
					"DEBUG=1",
					"$(inherited)",
				);
				GCC_WARN_64_TO_32_BIT_CONVERSION = YES;
				GCC_WARN_ABOUT_RETURN_TYPE = YES_ERROR;
				GCC_WARN_UNDECLARED_SELECTOR = YES;
				GCC_WARN_UNINITIALIZED_AUTOS = YES_AGGRESSIVE;
				GCC_WARN_UNUSED_FUNCTION = YES;
				GCC_WARN_UNUSED_VARIABLE = YES;
				IPHONEOS_DEPLOYMENT_TARGET = 15.0;
				MACOSX_DEPLOYMENT_TARGET = 13.0;
				MTL_ENABLE_DEBUG_INFO = INCLUDE_SOURCE;
				MTL_FAST_MATH = YES;
				ONLY_ACTIVE_ARCH = YES;
				SDKROOT = macosx;
				SWIFT_ACTIVE_COMPILATION_CONDITIONS = DEBUG;
				SWIFT_OPTIMIZATION_LEVEL = "-Onone";
			};
			name = Debug;
		};
		047E5F9828BBFB450017267E /* Release */ = {
			isa = XCBuildConfiguration;
			buildSettings = {
				ALWAYS_SEARCH_USER_PATHS = NO;
				CLANG_ANALYZER_NONNULL = YES;
				CLANG_ANALYZER_NUMBER_OBJECT_CONVERSION = YES_AGGRESSIVE;
				CLANG_CXX_LANGUAGE_STANDARD = "gnu++17";
				CLANG_ENABLE_MODULES = YES;
				CLANG_ENABLE_OBJC_ARC = YES;
				CLANG_ENABLE_OBJC_WEAK = YES;
				CLANG_WARN_BLOCK_CAPTURE_AUTORELEASING = YES;
				CLANG_WARN_BOOL_CONVERSION = YES;
				CLANG_WARN_COMMA = YES;
				CLANG_WARN_CONSTANT_CONVERSION = YES;
				CLANG_WARN_DEPRECATED_OBJC_IMPLEMENTATIONS = YES;
				CLANG_WARN_DIRECT_OBJC_ISA_USAGE = YES_ERROR;
				CLANG_WARN_DOCUMENTATION_COMMENTS = YES;
				CLANG_WARN_EMPTY_BODY = YES;
				CLANG_WARN_ENUM_CONVERSION = YES;
				CLANG_WARN_INFINITE_RECURSION = YES;
				CLANG_WARN_INT_CONVERSION = YES;
				CLANG_WARN_NON_LITERAL_NULL_CONVERSION = YES;
				CLANG_WARN_OBJC_IMPLICIT_RETAIN_SELF = YES;
				CLANG_WARN_OBJC_LITERAL_CONVERSION = YES;
				CLANG_WARN_OBJC_ROOT_CLASS = YES_ERROR;
				CLANG_WARN_QUOTED_INCLUDE_IN_FRAMEWORK_HEADER = YES;
				CLANG_WARN_RANGE_LOOP_ANALYSIS = YES;
				CLANG_WARN_STRICT_PROTOTYPES = YES;
				CLANG_WARN_SUSPICIOUS_MOVE = YES;
				CLANG_WARN_UNGUARDED_AVAILABILITY = YES_AGGRESSIVE;
				CLANG_WARN_UNREACHABLE_CODE = YES;
				CLANG_WARN__DUPLICATE_METHOD_MATCH = YES;
				COPY_PHASE_STRIP = NO;
				DEAD_CODE_STRIPPING = YES;
				DEBUG_INFORMATION_FORMAT = "dwarf-with-dsym";
				ENABLE_NS_ASSERTIONS = NO;
				ENABLE_STRICT_OBJC_MSGSEND = YES;
				GCC_C_LANGUAGE_STANDARD = gnu11;
				GCC_NO_COMMON_BLOCKS = YES;
				GCC_WARN_64_TO_32_BIT_CONVERSION = YES;
				GCC_WARN_ABOUT_RETURN_TYPE = YES_ERROR;
				GCC_WARN_UNDECLARED_SELECTOR = YES;
				GCC_WARN_UNINITIALIZED_AUTOS = YES_AGGRESSIVE;
				GCC_WARN_UNUSED_FUNCTION = YES;
				GCC_WARN_UNUSED_VARIABLE = YES;
				IPHONEOS_DEPLOYMENT_TARGET = 15.0;
				MACOSX_DEPLOYMENT_TARGET = 13.0;
				MTL_ENABLE_DEBUG_INFO = NO;
				MTL_FAST_MATH = YES;
				SDKROOT = macosx;
				SWIFT_COMPILATION_MODE = wholemodule;
				SWIFT_OPTIMIZATION_LEVEL = "-O";
			};
			name = Release;
		};
		04FEC98D2A8C19FF0074EA5E /* Debug */ = {
			isa = XCBuildConfiguration;
			buildSettings = {
				ASSETCATALOG_COMPILER_APPICON_NAME = AppIcon;
				ASSETCATALOG_COMPILER_GLOBAL_ACCENT_COLOR_NAME = AccentColor;
				CLANG_CXX_LANGUAGE_STANDARD = "gnu++20";
				CODE_SIGN_ENTITLEMENTS = "";
				"CODE_SIGN_IDENTITY[sdk=macosx*]" = "Apple Development";
				CODE_SIGN_STYLE = Automatic;
				COMBINE_HIDPI_IMAGES = YES;
				CURRENT_PROJECT_VERSION = 1;
				DEVELOPMENT_ASSET_PATHS = "";
				DEVELOPMENT_TEAM = 4CQW4CFFYT;
				ENABLE_HARDENED_RUNTIME = NO;
				ENABLE_PREVIEWS = YES;
				GENERATE_INFOPLIST_FILE = YES;
				INFOPLIST_KEY_CFBundleDisplayName = Notepad;
				INFOPLIST_KEY_NSHumanReadableCopyright = "";
				LD_RUNPATH_SEARCH_PATHS = (
					"$(inherited)",
					"@executable_path/../Frameworks",
				);
				MACOSX_DEPLOYMENT_TARGET = 13.0;
				MARKETING_VERSION = 1.0;
				PRODUCT_BUNDLE_IDENTIFIER = com.jackfinnis.TextMac;
				PRODUCT_NAME = Notepad;
				SWIFT_EMIT_LOC_STRINGS = YES;
				SWIFT_VERSION = 5.0;
			};
			name = Debug;
		};
		04FEC98E2A8C19FF0074EA5E /* Release */ = {
			isa = XCBuildConfiguration;
			buildSettings = {
				ASSETCATALOG_COMPILER_APPICON_NAME = AppIcon;
				ASSETCATALOG_COMPILER_GLOBAL_ACCENT_COLOR_NAME = AccentColor;
				CLANG_CXX_LANGUAGE_STANDARD = "gnu++20";
				CODE_SIGN_ENTITLEMENTS = "";
				"CODE_SIGN_IDENTITY[sdk=macosx*]" = "Apple Development";
				CODE_SIGN_STYLE = Automatic;
				COMBINE_HIDPI_IMAGES = YES;
				CURRENT_PROJECT_VERSION = 1;
				DEVELOPMENT_ASSET_PATHS = "";
				DEVELOPMENT_TEAM = 4CQW4CFFYT;
				ENABLE_HARDENED_RUNTIME = NO;
				ENABLE_PREVIEWS = YES;
				GENERATE_INFOPLIST_FILE = YES;
				INFOPLIST_KEY_CFBundleDisplayName = Notepad;
				INFOPLIST_KEY_NSHumanReadableCopyright = "";
				LD_RUNPATH_SEARCH_PATHS = (
					"$(inherited)",
					"@executable_path/../Frameworks",
				);
				MACOSX_DEPLOYMENT_TARGET = 13.0;
				MARKETING_VERSION = 1.0;
				PRODUCT_BUNDLE_IDENTIFIER = com.jackfinnis.TextMac;
				PRODUCT_NAME = Notepad;
				SWIFT_EMIT_LOC_STRINGS = YES;
				SWIFT_VERSION = 5.0;
			};
			name = Release;
		};
/* End XCBuildConfiguration section */

/* Begin XCConfigurationList section */
		0413DACE2999048600A1624F /* Build configuration list for PBXNativeTarget "Text" */ = {
			isa = XCConfigurationList;
			buildConfigurations = (
				0413DACF2999048600A1624F /* Debug */,
				0413DAD02999048600A1624F /* Release */,
			);
			defaultConfigurationIsVisible = 0;
			defaultConfigurationName = Release;
		};
		047E5F8528BBFB440017267E /* Build configuration list for PBXProject "Text" */ = {
			isa = XCConfigurationList;
			buildConfigurations = (
				047E5F9728BBFB450017267E /* Debug */,
				047E5F9828BBFB450017267E /* Release */,
			);
			defaultConfigurationIsVisible = 0;
			defaultConfigurationName = Release;
		};
		04FEC98F2A8C19FF0074EA5E /* Build configuration list for PBXNativeTarget "TextMac" */ = {
			isa = XCConfigurationList;
			buildConfigurations = (
				04FEC98D2A8C19FF0074EA5E /* Debug */,
				04FEC98E2A8C19FF0074EA5E /* Release */,
			);
			defaultConfigurationIsVisible = 0;
			defaultConfigurationName = Release;
		};
/* End XCConfigurationList section */
	};
	rootObject = 047E5F8228BBFB440017267E /* Project object */;
}
